
Microsoft Visual Studio Solution File, Format Version 12.00
# Visual Studio 15
VisualStudioVersion = 15.0.26430.6
MinimumVisualStudioVersion = 10.0.40219.1
Project("{FAE04EC0-301F-11D3-BF4B-00C04F79EFBC}") = "01. Passed", "01. Passed\01. Passed.csproj", "{2673650B-8520-4B47-8037-B54238040D47}"
EndProject
Project("{FAE04EC0-301F-11D3-BF4B-00C04F79EFBC}") = "02. Passed or Failed", "02. Passed or Failed\02. Passed or Failed.csproj", "{835571A0-4D56-4395-A2B1-0FCAB04A002E}"
EndProject
Project("{FAE04EC0-301F-11D3-BF4B-00C04F79EFBC}") = "03. Back in 30 Minutes", "03. Back in 30 Minutes\03. Back in 30 Minutes.csproj", "{EEB6438A-DC77-476B-9353-FE090B11848E}"
EndProject
Project("{FAE04EC0-301F-11D3-BF4B-00C04F79EFBC}") = "04. Month Printer", "04. Month Printer\04. Month Printer.csproj", "{0372C133-F2B3-4318-AAE0-7D431ACDBF4B}"
EndProject
Project("{FAE04EC0-301F-11D3-BF4B-00C04F79EFBC}") = "05. Foreign Languages", "05. Foreign Languages\05. Foreign Languages.csproj", "{4D7DC5DF-EE3E-4288-BDA4-F6CFD2D1778C}"
EndProject
Project("{FAE04EC0-301F-11D3-BF4B-00C04F79EFBC}") = "06. Theatre Promotion", "06. Theatre Promotion\06. Theatre Promotion.csproj", "{09F97274-932E-4519-9DEA-94583B367953}"
EndProject
Project("{FAE04EC0-301F-11D3-BF4B-00C04F79EFBC}") = "07. Divisible by 3", "07. Divisible by 3\07. Divisible by 3.csproj", "{13A28BA8-C7EC-4B6A-9C95-94012CE22B36}"
EndProject
Project("{FAE04EC0-301F-11D3-BF4B-00C04F79EFBC}") = "08. Sum of Odd Numbers", "08. Sum of Odd Numbers\08. Sum of Odd Numbers.csproj", "{8AD445DE-C20C-4C44-BC5D-0076EC969ADA}"
EndProject
Project("{FAE04EC0-301F-11D3-BF4B-00C04F79EFBC}") = "09. Multiplication Table", "09. Multiplication Table\09. Multiplication Table.csproj", "{6E6ACFF2-58C9-46AE-AF22-1A73217BE259}"
EndProject
Project("{FAE04EC0-301F-11D3-BF4B-00C04F79EFBC}") = "10. Multiplication Table 2.0", "10. Multiplication Table 2.0\10. Multiplication Table 2.0.csproj", "{B23B975A-62CE-4376-BE50-C6D7CAE9AF3E}"
EndProject
Project("{FAE04EC0-301F-11D3-BF4B-00C04F79EFBC}") = "11. Odd Number", "11. Odd Number\11. Odd Number.csproj", "{0AFA6C06-DE1F-4148-A8D4-233824DD2EC9}"
EndProject
Project("{FAE04EC0-301F-11D3-BF4B-00C04F79EFBC}") = "12. Number Checker", "12. Number Checker\12. Number Checker.csproj", "{26A980FA-EB7A-413D-A528-64916FAC0E81}"
EndProject
Project("{FAE04EC0-301F-11D3-BF4B-00C04F79EFBC}") = "03. Back in 30 Minutes Judge", "03. Back in 30 Minutes Judge\03. Back in 30 Minutes Judge.csproj", "{61545207-47A5-4DD5-9455-E11C69805E39}"
EndProject
Global
	GlobalSection(SolutionConfigurationPlatforms) = preSolution
		Debug|Any CPU = Debug|Any CPU
		Release|Any CPU = Release|Any CPU
	EndGlobalSection
	GlobalSection(ProjectConfigurationPlatforms) = postSolution
		{2673650B-8520-4B47-8037-B54238040D47}.Debug|Any CPU.ActiveCfg = Debug|Any CPU
		{2673650B-8520-4B47-8037-B54238040D47}.Debug|Any CPU.Build.0 = Debug|Any CPU
		{2673650B-8520-4B47-8037-B54238040D47}.Release|Any CPU.ActiveCfg = Release|Any CPU
		{2673650B-8520-4B47-8037-B54238040D47}.Release|Any CPU.Build.0 = Release|Any CPU
		{835571A0-4D56-4395-A2B1-0FCAB04A002E}.Debug|Any CPU.ActiveCfg = Debug|Any CPU
		{835571A0-4D56-4395-A2B1-0FCAB04A002E}.Debug|Any CPU.Build.0 = Debug|Any CPU
		{835571A0-4D56-4395-A2B1-0FCAB04A002E}.Release|Any CPU.ActiveCfg = Release|Any CPU
		{835571A0-4D56-4395-A2B1-0FCAB04A002E}.Release|Any CPU.Build.0 = Release|Any CPU
		{EEB6438A-DC77-476B-9353-FE090B11848E}.Debug|Any CPU.ActiveCfg = Debug|Any CPU
		{EEB6438A-DC77-476B-9353-FE090B11848E}.Debug|Any CPU.Build.0 = Debug|Any CPU
		{EEB6438A-DC77-476B-9353-FE090B11848E}.Release|Any CPU.ActiveCfg = Release|Any CPU
		{EEB6438A-DC77-476B-9353-FE090B11848E}.Release|Any CPU.Build.0 = Release|Any CPU
		{0372C133-F2B3-4318-AAE0-7D431ACDBF4B}.Debug|Any CPU.ActiveCfg = Debug|Any CPU
		{0372C133-F2B3-4318-AAE0-7D431ACDBF4B}.Debug|Any CPU.Build.0 = Debug|Any CPU
		{0372C133-F2B3-4318-AAE0-7D431ACDBF4B}.Release|Any CPU.ActiveCfg = Release|Any CPU
		{0372C133-F2B3-4318-AAE0-7D431ACDBF4B}.Release|Any CPU.Build.0 = Release|Any CPU
		{4D7DC5DF-EE3E-4288-BDA4-F6CFD2D1778C}.Debug|Any CPU.ActiveCfg = Debug|Any CPU
		{4D7DC5DF-EE3E-4288-BDA4-F6CFD2D1778C}.Debug|Any CPU.Build.0 = Debug|Any CPU
		{4D7DC5DF-EE3E-4288-BDA4-F6CFD2D1778C}.Release|Any CPU.ActiveCfg = Release|Any CPU
		{4D7DC5DF-EE3E-4288-BDA4-F6CFD2D1778C}.Release|Any CPU.Build.0 = Release|Any CPU
		{09F97274-932E-4519-9DEA-94583B367953}.Debug|Any CPU.ActiveCfg = Debug|Any CPU
		{09F97274-932E-4519-9DEA-94583B367953}.Debug|Any CPU.Build.0 = Debug|Any CPU
		{09F97274-932E-4519-9DEA-94583B367953}.Release|Any CPU.ActiveCfg = Release|Any CPU
		{09F97274-932E-4519-9DEA-94583B367953}.Release|Any CPU.Build.0 = Release|Any CPU
		{13A28BA8-C7EC-4B6A-9C95-94012CE22B36}.Debug|Any CPU.ActiveCfg = Debug|Any CPU
		{13A28BA8-C7EC-4B6A-9C95-94012CE22B36}.Debug|Any CPU.Build.0 = Debug|Any CPU
		{13A28BA8-C7EC-4B6A-9C95-94012CE22B36}.Release|Any CPU.ActiveCfg = Release|Any CPU
		{13A28BA8-C7EC-4B6A-9C95-94012CE22B36}.Release|Any CPU.Build.0 = Release|Any CPU
		{8AD445DE-C20C-4C44-BC5D-0076EC969ADA}.Debug|Any CPU.ActiveCfg = Debug|Any CPU
		{8AD445DE-C20C-4C44-BC5D-0076EC969ADA}.Debug|Any CPU.Build.0 = Debug|Any CPU
		{8AD445DE-C20C-4C44-BC5D-0076EC969ADA}.Release|Any CPU.ActiveCfg = Release|Any CPU
		{8AD445DE-C20C-4C44-BC5D-0076EC969ADA}.Release|Any CPU.Build.0 = Release|Any CPU
		{6E6ACFF2-58C9-46AE-AF22-1A73217BE259}.Debug|Any CPU.ActiveCfg = Debug|Any CPU
		{6E6ACFF2-58C9-46AE-AF22-1A73217BE259}.Debug|Any CPU.Build.0 = Debug|Any CPU
		{6E6ACFF2-58C9-46AE-AF22-1A73217BE259}.Release|Any CPU.ActiveCfg = Release|Any CPU
		{6E6ACFF2-58C9-46AE-AF22-1A73217BE259}.Release|Any CPU.Build.0 = Release|Any CPU
		{B23B975A-62CE-4376-BE50-C6D7CAE9AF3E}.Debug|Any CPU.ActiveCfg = Debug|Any CPU
		{B23B975A-62CE-4376-BE50-C6D7CAE9AF3E}.Debug|Any CPU.Build.0 = Debug|Any CPU
		{B23B975A-62CE-4376-BE50-C6D7CAE9AF3E}.Release|Any CPU.ActiveCfg = Release|Any CPU
		{B23B975A-62CE-4376-BE50-C6D7CAE9AF3E}.Release|Any CPU.Build.0 = Release|Any CPU
		{0AFA6C06-DE1F-4148-A8D4-233824DD2EC9}.Debug|Any CPU.ActiveCfg = Debug|Any CPU
		{0AFA6C06-DE1F-4148-A8D4-233824DD2EC9}.Debug|Any CPU.Build.0 = Debug|Any CPU
		{0AFA6C06-DE1F-4148-A8D4-233824DD2EC9}.Release|Any CPU.ActiveCfg = Release|Any CPU
		{0AFA6C06-DE1F-4148-A8D4-233824DD2EC9}.Release|Any CPU.Build.0 = Release|Any CPU
		{26A980FA-EB7A-413D-A528-64916FAC0E81}.Debug|Any CPU.ActiveCfg = Debug|Any CPU
		{26A980FA-EB7A-413D-A528-64916FAC0E81}.Debug|Any CPU.Build.0 = Debug|Any CPU
		{26A980FA-EB7A-413D-A528-64916FAC0E81}.Release|Any CPU.ActiveCfg = Release|Any CPU
		{26A980FA-EB7A-413D-A528-64916FAC0E81}.Release|Any CPU.Build.0 = Release|Any CPU
		{61545207-47A5-4DD5-9455-E11C69805E39}.Debug|Any CPU.ActiveCfg = Debug|Any CPU
		{61545207-47A5-4DD5-9455-E11C69805E39}.Debug|Any CPU.Build.0 = Debug|Any CPU
		{61545207-47A5-4DD5-9455-E11C69805E39}.Release|Any CPU.ActiveCfg = Release|Any CPU
		{61545207-47A5-4DD5-9455-E11C69805E39}.Release|Any CPU.Build.0 = Release|Any CPU
	EndGlobalSection
	GlobalSection(SolutionProperties) = preSolution
		HideSolutionNode = FALSE
	EndGlobalSection
EndGlobal
