
Microsoft Visual Studio Solution File, Format Version 12.00
# Visual Studio 15
VisualStudioVersion = 15.0.26430.13
MinimumVisualStudioVersion = 10.0.40219.1
Project("{FAE04EC0-301F-11D3-BF4B-00C04F79EFBC}") = "1.AverageStudentGrades", "1.AverageStudentGrades\1.AverageStudentGrades.csproj", "{A74BCCDC-E7F1-4D76-8E59-A9010920E764}"
EndProject
Project("{FAE04EC0-301F-11D3-BF4B-00C04F79EFBC}") = "test", "test\test.csproj", "{F35DD75D-ADA2-4066-8237-B43A6DB6C660}"
EndProject
Project("{FAE04EC0-301F-11D3-BF4B-00C04F79EFBC}") = "2.CitiesByContinentAndCountry", "2.CitiesByContinentAndCountry\2.CitiesByContinentAndCountry.csproj", "{06DE2F7B-D98E-4F9B-B4D1-C3E2534D6D7B}"
EndProject
Project("{FAE04EC0-301F-11D3-BF4B-00C04F79EFBC}") = "4.GroupContinentsCountriesAndCities", "4.GroupContinentsCountriesAndCities\4.GroupContinentsCountriesAndCities.csproj", "{75FF5512-4ED8-46CB-8AFD-B7E4D83311D2}"
EndProject
Project("{FAE04EC0-301F-11D3-BF4B-00C04F79EFBC}") = "3.RecordUniqueNames", "3.RecordUniqueNames\3.RecordUniqueNames.csproj", "{5E659F9A-D6BB-4435-B139-5D4040E2FAF0}"
EndProject
Global
	GlobalSection(SolutionConfigurationPlatforms) = preSolution
		Debug|Any CPU = Debug|Any CPU
		Release|Any CPU = Release|Any CPU
	EndGlobalSection
	GlobalSection(ProjectConfigurationPlatforms) = postSolution
		{A74BCCDC-E7F1-4D76-8E59-A9010920E764}.Debug|Any CPU.ActiveCfg = Debug|Any CPU
		{A74BCCDC-E7F1-4D76-8E59-A9010920E764}.Debug|Any CPU.Build.0 = Debug|Any CPU
		{A74BCCDC-E7F1-4D76-8E59-A9010920E764}.Release|Any CPU.ActiveCfg = Release|Any CPU
		{A74BCCDC-E7F1-4D76-8E59-A9010920E764}.Release|Any CPU.Build.0 = Release|Any CPU
		{F35DD75D-ADA2-4066-8237-B43A6DB6C660}.Debug|Any CPU.ActiveCfg = Debug|Any CPU
		{F35DD75D-ADA2-4066-8237-B43A6DB6C660}.Debug|Any CPU.Build.0 = Debug|Any CPU
		{F35DD75D-ADA2-4066-8237-B43A6DB6C660}.Release|Any CPU.ActiveCfg = Release|Any CPU
		{F35DD75D-ADA2-4066-8237-B43A6DB6C660}.Release|Any CPU.Build.0 = Release|Any CPU
		{06DE2F7B-D98E-4F9B-B4D1-C3E2534D6D7B}.Debug|Any CPU.ActiveCfg = Debug|Any CPU
		{06DE2F7B-D98E-4F9B-B4D1-C3E2534D6D7B}.Debug|Any CPU.Build.0 = Debug|Any CPU
		{06DE2F7B-D98E-4F9B-B4D1-C3E2534D6D7B}.Release|Any CPU.ActiveCfg = Release|Any CPU
		{06DE2F7B-D98E-4F9B-B4D1-C3E2534D6D7B}.Release|Any CPU.Build.0 = Release|Any CPU
		{75FF5512-4ED8-46CB-8AFD-B7E4D83311D2}.Debug|Any CPU.ActiveCfg = Debug|Any CPU
		{75FF5512-4ED8-46CB-8AFD-B7E4D83311D2}.Debug|Any CPU.Build.0 = Debug|Any CPU
		{75FF5512-4ED8-46CB-8AFD-B7E4D83311D2}.Release|Any CPU.ActiveCfg = Release|Any CPU
		{75FF5512-4ED8-46CB-8AFD-B7E4D83311D2}.Release|Any CPU.Build.0 = Release|Any CPU
		{5E659F9A-D6BB-4435-B139-5D4040E2FAF0}.Debug|Any CPU.ActiveCfg = Debug|Any CPU
		{5E659F9A-D6BB-4435-B139-5D4040E2FAF0}.Debug|Any CPU.Build.0 = Debug|Any CPU
		{5E659F9A-D6BB-4435-B139-5D4040E2FAF0}.Release|Any CPU.ActiveCfg = Release|Any CPU
		{5E659F9A-D6BB-4435-B139-5D4040E2FAF0}.Release|Any CPU.Build.0 = Release|Any CPU
	EndGlobalSection
	GlobalSection(SolutionProperties) = preSolution
		HideSolutionNode = FALSE
	EndGlobalSection
EndGlobal
